
Microsoft Visual Studio Solution File, Format Version 12.00
# Visual Studio Version 17
VisualStudioVersion = 17.4.33122.133
MinimumVisualStudioVersion = 10.0.40219.1
Project("{FAE04EC0-301F-11D3-BF4B-00C04F79EFBC}") = "ChatGPT-Demo-LazyDeveloper", "ChatGPT-Demo\ChatGPT-Demo-LazyDeveloper.csproj", "{B6A34B79-C0B8-4D38-946F-77CE743413D4}"
EndProject
Project("{FAE04EC0-301F-11D3-BF4B-00C04F79EFBC}") = "ChatGPT-Demo-LazyDeveloper.Tests", "ChatGPT-Demo.Tests\ChatGPT-Demo-LazyDeveloper.Tests.csproj", "{45FD8BE7-420A-41B2-9270-7550B39F2EA1}"
EndProject
Project("{FAE04EC0-301F-11D3-BF4B-00C04F79EFBC}") = "Helper", "Helper\Helper.csproj", "{E46B6846-F31E-4B8F-9FC0-B1F5E2A7CF6F}"
EndProject
Global
	GlobalSection(SolutionConfigurationPlatforms) = preSolution
		Debug|Any CPU = Debug|Any CPU
		Release|Any CPU = Release|Any CPU
	EndGlobalSection
	GlobalSection(ProjectConfigurationPlatforms) = postSolution
		{B6A34B79-C0B8-4D38-946F-77CE743413D4}.Debug|Any CPU.ActiveCfg = Debug|Any CPU
		{B6A34B79-C0B8-4D38-946F-77CE743413D4}.Debug|Any CPU.Build.0 = Debug|Any CPU
		{B6A34B79-C0B8-4D38-946F-77CE743413D4}.Release|Any CPU.ActiveCfg = Release|Any CPU
		{B6A34B79-C0B8-4D38-946F-77CE743413D4}.Release|Any CPU.Build.0 = Release|Any CPU
		{45FD8BE7-420A-41B2-9270-7550B39F2EA1}.Debug|Any CPU.ActiveCfg = Debug|Any CPU
		{45FD8BE7-420A-41B2-9270-7550B39F2EA1}.Debug|Any CPU.Build.0 = Debug|Any CPU
		{45FD8BE7-420A-41B2-9270-7550B39F2EA1}.Release|Any CPU.ActiveCfg = Release|Any CPU
		{45FD8BE7-420A-41B2-9270-7550B39F2EA1}.Release|Any CPU.Build.0 = Release|Any CPU
		{E46B6846-F31E-4B8F-9FC0-B1F5E2A7CF6F}.Debug|Any CPU.ActiveCfg = Debug|Any CPU
		{E46B6846-F31E-4B8F-9FC0-B1F5E2A7CF6F}.Debug|Any CPU.Build.0 = Debug|Any CPU
		{E46B6846-F31E-4B8F-9FC0-B1F5E2A7CF6F}.Release|Any CPU.ActiveCfg = Release|Any CPU
		{E46B6846-F31E-4B8F-9FC0-B1F5E2A7CF6F}.Release|Any CPU.Build.0 = Release|Any CPU
	EndGlobalSection
	GlobalSection(SolutionProperties) = preSolution
		HideSolutionNode = FALSE
	EndGlobalSection
	GlobalSection(ExtensibilityGlobals) = postSolution
		SolutionGuid = {9CEAF5E1-85B0-45F1-845B-AF16BBA19956}
	EndGlobalSection
EndGlobal
